
Microsoft Visual Studio Solution File, Format Version 12.00
# Visual Studio Version 16
VisualStudioVersion = 16.0.30804.86
MinimumVisualStudioVersion = 10.0.40219.1
Project("{FAE04EC0-301F-11D3-BF4B-00C04F79EFBC}") = "NetOnlineBooking", "NetOnlineBooking.csproj", "{FA42957F-7A89-4978-8F7A-752A59AAD615}"
EndProject
Global
	GlobalSection(SolutionConfigurationPlatforms) = preSolution
		Debug|Any CPU = Debug|Any CPU
		Release|Any CPU = Release|Any CPU
	EndGlobalSection
	GlobalSection(ProjectConfigurationPlatforms) = postSolution
		{FA42957F-7A89-4978-8F7A-752A59AAD615}.Debug|Any CPU.ActiveCfg = Debug|Any CPU
		{FA42957F-7A89-4978-8F7A-752A59AAD615}.Debug|Any CPU.Build.0 = Debug|Any CPU
		{FA42957F-7A89-4978-8F7A-752A59AAD615}.Release|Any CPU.ActiveCfg = Release|Any CPU
		{FA42957F-7A89-4978-8F7A-752A59AAD615}.Release|Any CPU.Build.0 = Release|Any CPU
	EndGlobalSection
	GlobalSection(SolutionProperties) = preSolution
		HideSolutionNode = FALSE
	EndGlobalSection
	GlobalSection(ExtensibilityGlobals) = postSolution
		SolutionGuid = {8F219AF6-B0C7-458D-8859-AC0C45FA6129}
	EndGlobalSection
EndGlobal
